
Microsoft Visual Studio Solution File, Format Version 11.00
# Visual C# Express 2010
Project("{FAE04EC0-301F-11D3-BF4B-00C04F79EFBC}") = "YurtleTrack", "YurtleTrack\YurtleTrack.csproj", "{34D6AC9E-673E-4764-A1D2-C343C33DF4B5}"
EndProject
Project("{FAE04EC0-301F-11D3-BF4B-00C04F79EFBC}") = "YurtleTrack_Test", "YurtleTrack_Test\YurtleTrack_Test.csproj", "{E6006743-7CB6-4BE5-BD38-1F12B4624377}"
EndProject
Project("{FAE04EC0-301F-11D3-BF4B-00C04F79EFBC}") = "QuickLaunch", "QuickLaunch\QuickLaunch.csproj", "{B1D25FC8-375E-407E-A7C9-42DF08A31351}"
EndProject
Global
	GlobalSection(SolutionConfigurationPlatforms) = preSolution
		Debug|Any CPU = Debug|Any CPU
		Release|Any CPU = Release|Any CPU
	EndGlobalSection
	GlobalSection(ProjectConfigurationPlatforms) = postSolution
		{34D6AC9E-673E-4764-A1D2-C343C33DF4B5}.Debug|Any CPU.ActiveCfg = Debug|Any CPU
		{34D6AC9E-673E-4764-A1D2-C343C33DF4B5}.Debug|Any CPU.Build.0 = Debug|Any CPU
		{34D6AC9E-673E-4764-A1D2-C343C33DF4B5}.Release|Any CPU.ActiveCfg = Release|Any CPU
		{34D6AC9E-673E-4764-A1D2-C343C33DF4B5}.Release|Any CPU.Build.0 = Release|Any CPU
		{E6006743-7CB6-4BE5-BD38-1F12B4624377}.Debug|Any CPU.ActiveCfg = Debug|Any CPU
		{E6006743-7CB6-4BE5-BD38-1F12B4624377}.Debug|Any CPU.Build.0 = Debug|Any CPU
		{E6006743-7CB6-4BE5-BD38-1F12B4624377}.Release|Any CPU.ActiveCfg = Release|Any CPU
		{E6006743-7CB6-4BE5-BD38-1F12B4624377}.Release|Any CPU.Build.0 = Release|Any CPU
		{B1D25FC8-375E-407E-A7C9-42DF08A31351}.Debug|Any CPU.ActiveCfg = Debug|Any CPU
		{B1D25FC8-375E-407E-A7C9-42DF08A31351}.Debug|Any CPU.Build.0 = Debug|Any CPU
		{B1D25FC8-375E-407E-A7C9-42DF08A31351}.Release|Any CPU.ActiveCfg = Release|Any CPU
		{B1D25FC8-375E-407E-A7C9-42DF08A31351}.Release|Any CPU.Build.0 = Release|Any CPU
	EndGlobalSection
	GlobalSection(SolutionProperties) = preSolution
		HideSolutionNode = FALSE
	EndGlobalSection
EndGlobal
